// !$*UTF8*$!
{
	archiveVersion = 1;
	classes = {
	};
	objectVersion = 46;
	objects = {

/* Begin PBXBuildFile section */
		1864BF531A3EB3A600545A0B /* Foundation.framework in Frameworks */ = {isa = PBXBuildFile; fileRef = 1864BF521A3EB3A600545A0B /* Foundation.framework */; };
		1864BF551A3EB3A600545A0B /* CoreGraphics.framework in Frameworks */ = {isa = PBXBuildFile; fileRef = 1864BF541A3EB3A600545A0B /* CoreGraphics.framework */; };
		1864BF571A3EB3A600545A0B /* UIKit.framework in Frameworks */ = {isa = PBXBuildFile; fileRef = 1864BF561A3EB3A600545A0B /* UIKit.framework */; };
		1864BF5D1A3EB3A600545A0B /* InfoPlist.strings in Resources */ = {isa = PBXBuildFile; fileRef = 1864BF5B1A3EB3A600545A0B /* InfoPlist.strings */; };
		1864BF5F1A3EB3A600545A0B /* main.m in Sources */ = {isa = PBXBuildFile; fileRef = 1864BF5E1A3EB3A600545A0B /* main.m */; };
		1864BF631A3EB3A600545A0B /* AppDelegate.m in Sources */ = {isa = PBXBuildFile; fileRef = 1864BF621A3EB3A600545A0B /* AppDelegate.m */; };
		1864BF651A3EB3A600545A0B /* Images.xcassets in Resources */ = {isa = PBXBuildFile; fileRef = 1864BF641A3EB3A600545A0B /* Images.xcassets */; };
		1864BF6C1A3EB3A600545A0B /* XCTest.framework in Frameworks */ = {isa = PBXBuildFile; fileRef = 1864BF6B1A3EB3A600545A0B /* XCTest.framework */; };
		1864BF6D1A3EB3A600545A0B /* Foundation.framework in Frameworks */ = {isa = PBXBuildFile; fileRef = 1864BF521A3EB3A600545A0B /* Foundation.framework */; };
		1864BF6E1A3EB3A600545A0B /* UIKit.framework in Frameworks */ = {isa = PBXBuildFile; fileRef = 1864BF561A3EB3A600545A0B /* UIKit.framework */; };
		1864BF761A3EB3A600545A0B /* InfoPlist.strings in Resources */ = {isa = PBXBuildFile; fileRef = 1864BF741A3EB3A600545A0B /* InfoPlist.strings */; };
		1864BF781A3EB3A600545A0B /* ___Tests.m in Sources */ = {isa = PBXBuildFile; fileRef = 1864BF771A3EB3A600545A0B /* ___Tests.m */; };
		1864BF861A3EC7E700545A0B /* TestViewController.m in Sources */ = {isa = PBXBuildFile; fileRef = 1864BF851A3EC7E700545A0B /* TestViewController.m */; };
		E47141581C03253C0019C3BB /* LMJTab.m in Sources */ = {isa = PBXBuildFile; fileRef = E47141571C03253C0019C3BB /* LMJTab.m */; };
/* End PBXBuildFile section */

/* Begin PBXContainerItemProxy section */
		1864BF6F1A3EB3A600545A0B /* PBXContainerItemProxy */ = {
			isa = PBXContainerItemProxy;
			containerPortal = 1864BF471A3EB3A600545A0B /* Project object */;
			proxyType = 1;
			remoteGlobalIDString = 1864BF4E1A3EB3A600545A0B;
			remoteInfo = "选项卡";
		};
/* End PBXContainerItemProxy section */

/* Begin PBXFileReference section */
		1864BF4F1A3EB3A600545A0B /* 选项卡.app */ = {isa = PBXFileReference; explicitFileType = wrapper.application; includeInIndex = 0; path = "选项卡.app"; sourceTree = BUILT_PRODUCTS_DIR; };
		1864BF521A3EB3A600545A0B /* Foundation.framework */ = {isa = PBXFileReference; lastKnownFileType = wrapper.framework; name = Foundation.framework; path = System/Library/Frameworks/Foundation.framework; sourceTree = SDKROOT; };
		1864BF541A3EB3A600545A0B /* CoreGraphics.framework */ = {isa = PBXFileReference; lastKnownFileType = wrapper.framework; name = CoreGraphics.framework; path = System/Library/Frameworks/CoreGraphics.framework; sourceTree = SDKROOT; };
		1864BF561A3EB3A600545A0B /* UIKit.framework */ = {isa = PBXFileReference; lastKnownFileType = wrapper.framework; name = UIKit.framework; path = System/Library/Frameworks/UIKit.framework; sourceTree = SDKROOT; };
		1864BF5A1A3EB3A600545A0B /* 选项卡-Info.plist */ = {isa = PBXFileReference; lastKnownFileType = text.plist.xml; path = "选项卡-Info.plist"; sourceTree = "<group>"; };
		1864BF5C1A3EB3A600545A0B /* en */ = {isa = PBXFileReference; lastKnownFileType = text.plist.strings; name = en; path = en.lproj/InfoPlist.strings; sourceTree = "<group>"; };
		1864BF5E1A3EB3A600545A0B /* main.m */ = {isa = PBXFileReference; lastKnownFileType = sourcecode.c.objc; path = main.m; sourceTree = "<group>"; };
		1864BF601A3EB3A600545A0B /* 选项卡-Prefix.pch */ = {isa = PBXFileReference; lastKnownFileType = sourcecode.c.h; path = "选项卡-Prefix.pch"; sourceTree = "<group>"; };
		1864BF611A3EB3A600545A0B /* AppDelegate.h */ = {isa = PBXFileReference; lastKnownFileType = sourcecode.c.h; path = AppDelegate.h; sourceTree = "<group>"; };
		1864BF621A3EB3A600545A0B /* AppDelegate.m */ = {isa = PBXFileReference; lastKnownFileType = sourcecode.c.objc; path = AppDelegate.m; sourceTree = "<group>"; };
		1864BF641A3EB3A600545A0B /* Images.xcassets */ = {isa = PBXFileReference; lastKnownFileType = folder.assetcatalog; path = Images.xcassets; sourceTree = "<group>"; };
		1864BF6A1A3EB3A600545A0B /* 选项卡Tests.xctest */ = {isa = PBXFileReference; explicitFileType = wrapper.cfbundle; includeInIndex = 0; path = "选项卡Tests.xctest"; sourceTree = BUILT_PRODUCTS_DIR; };
		1864BF6B1A3EB3A600545A0B /* XCTest.framework */ = {isa = PBXFileReference; lastKnownFileType = wrapper.framework; name = XCTest.framework; path = Library/Frameworks/XCTest.framework; sourceTree = DEVELOPER_DIR; };
		1864BF731A3EB3A600545A0B /* 选项卡Tests-Info.plist */ = {isa = PBXFileReference; lastKnownFileType = text.plist.xml; path = "选项卡Tests-Info.plist"; sourceTree = "<group>"; };
		1864BF751A3EB3A600545A0B /* en */ = {isa = PBXFileReference; lastKnownFileType = text.plist.strings; name = en; path = en.lproj/InfoPlist.strings; sourceTree = "<group>"; };
		1864BF771A3EB3A600545A0B /* ___Tests.m */ = {isa = PBXFileReference; lastKnownFileType = sourcecode.c.objc; path = "___Tests.m"; sourceTree = "<group>"; };
		1864BF841A3EC7E700545A0B /* TestViewController.h */ = {isa = PBXFileReference; fileEncoding = 4; lastKnownFileType = sourcecode.c.h; path = TestViewController.h; sourceTree = "<group>"; };
		1864BF851A3EC7E700545A0B /* TestViewController.m */ = {isa = PBXFileReference; fileEncoding = 4; lastKnownFileType = sourcecode.c.objc; path = TestViewController.m; sourceTree = "<group>"; };
		E47141561C03253C0019C3BB /* LMJTab.h */ = {isa = PBXFileReference; fileEncoding = 4; lastKnownFileType = sourcecode.c.h; path = LMJTab.h; sourceTree = "<group>"; };
		E47141571C03253C0019C3BB /* LMJTab.m */ = {isa = PBXFileReference; fileEncoding = 4; lastKnownFileType = sourcecode.c.objc; path = LMJTab.m; sourceTree = "<group>"; };
/* End PBXFileReference section */

/* Begin PBXFrameworksBuildPhase section */
		1864BF4C1A3EB3A600545A0B /* Frameworks */ = {
			isa = PBXFrameworksBuildPhase;
			buildActionMask = 2147483647;
			files = (
				1864BF551A3EB3A600545A0B /* CoreGraphics.framework in Frameworks */,
				1864BF571A3EB3A600545A0B /* UIKit.framework in Frameworks */,
				1864BF531A3EB3A600545A0B /* Foundation.framework in Frameworks */,
			);
			runOnlyForDeploymentPostprocessing = 0;
		};
		1864BF671A3EB3A600545A0B /* Frameworks */ = {
			isa = PBXFrameworksBuildPhase;
			buildActionMask = 2147483647;
			files = (
				1864BF6C1A3EB3A600545A0B /* XCTest.framework in Frameworks */,
				1864BF6E1A3EB3A600545A0B /* UIKit.framework in Frameworks */,
				1864BF6D1A3EB3A600545A0B /* Foundation.framework in Frameworks */,
			);
			runOnlyForDeploymentPostprocessing = 0;
		};
/* End PBXFrameworksBuildPhase section */

/* Begin PBXGroup section */
		1864BF461A3EB3A600545A0B = {
			isa = PBXGroup;
			children = (
				E47141551C03253C0019C3BB /* LMJTab */,
				1864BF581A3EB3A600545A0B /* 选项卡 */,
				1864BF711A3EB3A600545A0B /* 选项卡Tests */,
				1864BF511A3EB3A600545A0B /* Frameworks */,
				1864BF501A3EB3A600545A0B /* Products */,
			);
			sourceTree = "<group>";
		};
		1864BF501A3EB3A600545A0B /* Products */ = {
			isa = PBXGroup;
			children = (
				1864BF4F1A3EB3A600545A0B /* 选项卡.app */,
				1864BF6A1A3EB3A600545A0B /* 选项卡Tests.xctest */,
			);
			name = Products;
			sourceTree = "<group>";
		};
		1864BF511A3EB3A600545A0B /* Frameworks */ = {
			isa = PBXGroup;
			children = (
				1864BF521A3EB3A600545A0B /* Foundation.framework */,
				1864BF541A3EB3A600545A0B /* CoreGraphics.framework */,
				1864BF561A3EB3A600545A0B /* UIKit.framework */,
				1864BF6B1A3EB3A600545A0B /* XCTest.framework */,
			);
			name = Frameworks;
			sourceTree = "<group>";
		};
		1864BF581A3EB3A600545A0B /* 选项卡 */ = {
			isa = PBXGroup;
			children = (
				1864BF611A3EB3A600545A0B /* AppDelegate.h */,
				1864BF621A3EB3A600545A0B /* AppDelegate.m */,
				1864BF641A3EB3A600545A0B /* Images.xcassets */,
				1864BF591A3EB3A600545A0B /* Supporting Files */,
				1864BF841A3EC7E700545A0B /* TestViewController.h */,
				1864BF851A3EC7E700545A0B /* TestViewController.m */,
			);
			path = "选项卡";
			sourceTree = "<group>";
		};
		1864BF591A3EB3A600545A0B /* Supporting Files */ = {
			isa = PBXGroup;
			children = (
				1864BF5A1A3EB3A600545A0B /* 选项卡-Info.plist */,
				1864BF5B1A3EB3A600545A0B /* InfoPlist.strings */,
				1864BF5E1A3EB3A600545A0B /* main.m */,
				1864BF601A3EB3A600545A0B /* 选项卡-Prefix.pch */,
			);
			name = "Supporting Files";
			sourceTree = "<group>";
		};
		1864BF711A3EB3A600545A0B /* 选项卡Tests */ = {
			isa = PBXGroup;
			children = (
				1864BF771A3EB3A600545A0B /* ___Tests.m */,
				1864BF721A3EB3A600545A0B /* Supporting Files */,
			);
			path = "选项卡Tests";
			sourceTree = "<group>";
		};
		1864BF721A3EB3A600545A0B /* Supporting Files */ = {
			isa = PBXGroup;
			children = (
				1864BF731A3EB3A600545A0B /* 选项卡Tests-Info.plist */,
				1864BF741A3EB3A600545A0B /* InfoPlist.strings */,
			);
			name = "Supporting Files";
			sourceTree = "<group>";
		};
		E47141551C03253C0019C3BB /* LMJTab */ = {
			isa = PBXGroup;
			children = (
				E47141561C03253C0019C3BB /* LMJTab.h */,
				E47141571C03253C0019C3BB /* LMJTab.m */,
			);
			path = LMJTab;
			sourceTree = "<group>";
		};
/* End PBXGroup section */

/* Begin PBXNativeTarget section */
		1864BF4E1A3EB3A600545A0B /* 选项卡 */ = {
			isa = PBXNativeTarget;
			buildConfigurationList = 1864BF7B1A3EB3A600545A0B /* Build configuration list for PBXNativeTarget "选项卡" */;
			buildPhases = (
				1864BF4B1A3EB3A600545A0B /* Sources */,
				1864BF4C1A3EB3A600545A0B /* Frameworks */,
				1864BF4D1A3EB3A600545A0B /* Resources */,
			);
			buildRules = (
			);
			dependencies = (
			);
			name = "选项卡";
			productName = "选项卡";
			productReference = 1864BF4F1A3EB3A600545A0B /* 选项卡.app */;
			productType = "com.apple.product-type.application";
		};
		1864BF691A3EB3A600545A0B /* 选项卡Tests */ = {
			isa = PBXNativeTarget;
			buildConfigurationList = 1864BF7E1A3EB3A600545A0B /* Build configuration list for PBXNativeTarget "选项卡Tests" */;
			buildPhases = (
				1864BF661A3EB3A600545A0B /* Sources */,
				1864BF671A3EB3A600545A0B /* Frameworks */,
				1864BF681A3EB3A600545A0B /* Resources */,
			);
			buildRules = (
			);
			dependencies = (
				1864BF701A3EB3A600545A0B /* PBXTargetDependency */,
			);
			name = "选项卡Tests";
			productName = "选项卡Tests";
			productReference = 1864BF6A1A3EB3A600545A0B /* 选项卡Tests.xctest */;
			productType = "com.apple.product-type.bundle.unit-test";
		};
/* End PBXNativeTarget section */

/* Begin PBXProject section */
		1864BF471A3EB3A600545A0B /* Project object */ = {
			isa = PBXProject;
			attributes = {
				LastUpgradeCheck = 0510;
				ORGANIZATIONNAME = "杰睿科技";
				TargetAttributes = {
					1864BF691A3EB3A600545A0B = {
						TestTargetID = 1864BF4E1A3EB3A600545A0B;
					};
				};
			};
			buildConfigurationList = 1864BF4A1A3EB3A600545A0B /* Build configuration list for PBXProject "选项卡" */;
			compatibilityVersion = "Xcode 3.2";
			developmentRegion = English;
			hasScannedForEncodings = 0;
			knownRegions = (
				en,
			);
			mainGroup = 1864BF461A3EB3A600545A0B;
			productRefGroup = 1864BF501A3EB3A600545A0B /* Products */;
			projectDirPath = "";
			projectRoot = "";
			targets = (
				1864BF4E1A3EB3A600545A0B /* 选项卡 */,
				1864BF691A3EB3A600545A0B /* 选项卡Tests */,
			);
		};
/* End PBXProject section */

/* Begin PBXResourcesBuildPhase section */
		1864BF4D1A3EB3A600545A0B /* Resources */ = {
			isa = PBXResourcesBuildPhase;
			buildActionMask = 2147483647;
			files = (
				1864BF5D1A3EB3A600545A0B /* InfoPlist.strings in Resources */,
				1864BF651A3EB3A600545A0B /* Images.xcassets in Resources */,
			);
			runOnlyForDeploymentPostprocessing = 0;
		};
		1864BF681A3EB3A600545A0B /* Resources */ = {
			isa = PBXResourcesBuildPhase;
			buildActionMask = 2147483647;
			files = (
				1864BF761A3EB3A600545A0B /* InfoPlist.strings in Resources */,
			);
			runOnlyForDeploymentPostprocessing = 0;
		};
/* End PBXResourcesBuildPhase section */

/* Begin PBXSourcesBuildPhase section */
		1864BF4B1A3EB3A600545A0B /* Sources */ = {
			isa = PBXSourcesBuildPhase;
			buildActionMask = 2147483647;
			files = (
				1864BF631A3EB3A600545A0B /* AppDelegate.m in Sources */,
				E47141581C03253C0019C3BB /* LMJTab.m in Sources */,
				1864BF861A3EC7E700545A0B /* TestViewController.m in Sources */,
				1864BF5F1A3EB3A600545A0B /* main.m in Sources */,
			);
			runOnlyForDeploymentPostprocessing = 0;
		};
		1864BF661A3EB3A600545A0B /* Sources */ = {
			isa = PBXSourcesBuildPhase;
			buildActionMask = 2147483647;
			files = (
				1864BF781A3EB3A600545A0B /* ___Tests.m in Sources */,
			);
			runOnlyForDeploymentPostprocessing = 0;
		};
/* End PBXSourcesBuildPhase section */

/* Begin PBXTargetDependency section */
		1864BF701A3EB3A600545A0B /* PBXTargetDependency */ = {
			isa = PBXTargetDependency;
			target = 1864BF4E1A3EB3A600545A0B /* 选项卡 */;
			targetProxy = 1864BF6F1A3EB3A600545A0B /* PBXContainerItemProxy */;
		};
/* End PBXTargetDependency section */

/* Begin PBXVariantGroup section */
		1864BF5B1A3EB3A600545A0B /* InfoPlist.strings */ = {
			isa = PBXVariantGroup;
			children = (
				1864BF5C1A3EB3A600545A0B /* en */,
			);
			name = InfoPlist.strings;
			sourceTree = "<group>";
		};
		1864BF741A3EB3A600545A0B /* InfoPlist.strings */ = {
			isa = PBXVariantGroup;
			children = (
				1864BF751A3EB3A600545A0B /* en */,
			);
			name = InfoPlist.strings;
			sourceTree = "<group>";
		};
/* End PBXVariantGroup section */

/* Begin XCBuildConfiguration section */
		1864BF791A3EB3A600545A0B /* Debug */ = {
			isa = XCBuildConfiguration;
			buildSettings = {
				ALWAYS_SEARCH_USER_PATHS = NO;
				CLANG_CXX_LANGUAGE_STANDARD = "gnu++0x";
				CLANG_CXX_LIBRARY = "libc++";
				CLANG_ENABLE_MODULES = YES;
				CLANG_ENABLE_OBJC_ARC = YES;
				CLANG_WARN_BOOL_CONVERSION = YES;
				CLANG_WARN_CONSTANT_CONVERSION = YES;
				CLANG_WARN_DIRECT_OBJC_ISA_USAGE = YES_ERROR;
				CLANG_WARN_EMPTY_BODY = YES;
				CLANG_WARN_ENUM_CONVERSION = YES;
				CLANG_WARN_INT_CONVERSION = YES;
				CLANG_WARN_OBJC_ROOT_CLASS = YES_ERROR;
				CLANG_WARN__DUPLICATE_METHOD_MATCH = YES;
				"CODE_SIGN_IDENTITY[sdk=iphoneos*]" = "iPhone Developer";
				COPY_PHASE_STRIP = NO;
				GCC_C_LANGUAGE_STANDARD = gnu99;
				GCC_DYNAMIC_NO_PIC = NO;
				GCC_OPTIMIZATION_LEVEL = 0;
				GCC_PREPROCESSOR_DEFINITIONS = (
					"DEBUG=1",
					"$(inherited)",
				);
				GCC_SYMBOLS_PRIVATE_EXTERN = NO;
				GCC_WARN_64_TO_32_BIT_CONVERSION = YES;
				GCC_WARN_ABOUT_RETURN_TYPE = YES_ERROR;
				GCC_WARN_UNDECLARED_SELECTOR = YES;
				GCC_WARN_UNINITIALIZED_AUTOS = YES_AGGRESSIVE;
				GCC_WARN_UNUSED_FUNCTION = YES;
				GCC_WARN_UNUSED_VARIABLE = YES;
				IPHONEOS_DEPLOYMENT_TARGET = 7.1;
				ONLY_ACTIVE_ARCH = YES;
				SDKROOT = iphoneos;
			};
			name = Debug;
		};
		1864BF7A1A3EB3A600545A0B /* Release */ = {
			isa = XCBuildConfiguration;
			buildSettings = {
				ALWAYS_SEARCH_USER_PATHS = NO;
				CLANG_CXX_LANGUAGE_STANDARD = "gnu++0x";
				CLANG_CXX_LIBRARY = "libc++";
				CLANG_ENABLE_MODULES = YES;
				CLANG_ENABLE_OBJC_ARC = YES;
				CLANG_WARN_BOOL_CONVERSION = YES;
				CLANG_WARN_CONSTANT_CONVERSION = YES;
				CLANG_WARN_DIRECT_OBJC_ISA_USAGE = YES_ERROR;
				CLANG_WARN_EMPTY_BODY = YES;
				CLANG_WARN_ENUM_CONVERSION = YES;
				CLANG_WARN_INT_CONVERSION = YES;
				CLANG_WARN_OBJC_ROOT_CLASS = YES_ERROR;
				CLANG_WARN__DUPLICATE_METHOD_MATCH = YES;
				"CODE_SIGN_IDENTITY[sdk=iphoneos*]" = "iPhone Developer";
				COPY_PHASE_STRIP = YES;
				ENABLE_NS_ASSERTIONS = NO;
				GCC_C_LANGUAGE_STANDARD = gnu99;
				GCC_WARN_64_TO_32_BIT_CONVERSION = YES;
				GCC_WARN_ABOUT_RETURN_TYPE = YES_ERROR;
				GCC_WARN_UNDECLARED_SELECTOR = YES;
				GCC_WARN_UNINITIALIZED_AUTOS = YES_AGGRESSIVE;
				GCC_WARN_UNUSED_FUNCTION = YES;
				GCC_WARN_UNUSED_VARIABLE = YES;
				IPHONEOS_DEPLOYMENT_TARGET = 7.1;
				SDKROOT = iphoneos;
				VALIDATE_PRODUCT = YES;
			};
			name = Release;
		};
		1864BF7C1A3EB3A600545A0B /* Debug */ = {
			isa = XCBuildConfiguration;
			buildSettings = {
				GCC_PRECOMPILE_PREFIX_HEADER = YES;
				GCC_PREFIX_HEADER = "选项卡/选项卡-Prefix.pch";
				INFOPLIST_FILE = "选项卡/选项卡-Info.plist";
				IPHONEOS_DEPLOYMENT_TARGET = 9.1;
				PRODUCT_NAME = "$(TARGET_NAME)";
				WRAPPER_EXTENSION = app;
			};
			name = Debug;
		};
		1864BF7D1A3EB3A600545A0B /* Release */ = {
			isa = XCBuildConfiguration;
			buildSettings = {
				GCC_PRECOMPILE_PREFIX_HEADER = YES;
				GCC_PREFIX_HEADER = "选项卡/选项卡-Prefix.pch";
				INFOPLIST_FILE = "选项卡/选项卡-Info.plist";
				IPHONEOS_DEPLOYMENT_TARGET = 9.1;
				PRODUCT_NAME = "$(TARGET_NAME)";
				WRAPPER_EXTENSION = app;
			};
			name = Release;
		};
		1864BF7F1A3EB3A600545A0B /* Debug */ = {
			isa = XCBuildConfiguration;
			buildSettings = {
				BUNDLE_LOADER = "$(BUILT_PRODUCTS_DIR)/选项卡.app/选项卡";
				FRAMEWORK_SEARCH_PATHS = (
					"$(SDKROOT)/Developer/Library/Frameworks",
					"$(inherited)",
					"$(DEVELOPER_FRAMEWORKS_DIR)",
				);
				GCC_PRECOMPILE_PREFIX_HEADER = YES;
				GCC_PREFIX_HEADER = "选项卡/选项卡-Prefix.pch";
				GCC_PREPROCESSOR_DEFINITIONS = (
					"DEBUG=1",
					"$(inherited)",
				);
				INFOPLIST_FILE = "选项卡Tests/选项卡Tests-Info.plist";
				PRODUCT_NAME = "$(TARGET_NAME)";
				TEST_HOST = "$(BUNDLE_LOADER)";
				WRAPPER_EXTENSION = xctest;
			};
			name = Debug;
		};
		1864BF801A3EB3A600545A0B /* Release */ = {
			isa = XCBuildConfiguration;
			buildSettings = {
				BUNDLE_LOADER = "$(BUILT_PRODUCTS_DIR)/选项卡.app/选项卡";
				FRAMEWORK_SEARCH_PATHS = (
					"$(SDKROOT)/Developer/Library/Frameworks",
					"$(inherited)",
					"$(DEVELOPER_FRAMEWORKS_DIR)",
				);
				GCC_PRECOMPILE_PREFIX_HEADER = YES;
				GCC_PREFIX_HEADER = "选项卡/选项卡-Prefix.pch";
				INFOPLIST_FILE = "选项卡Tests/选项卡Tests-Info.plist";
				PRODUCT_NAME = "$(TARGET_NAME)";
				TEST_HOST = "$(BUNDLE_LOADER)";
				WRAPPER_EXTENSION = xctest;
			};
			name = Release;
		};
/* End XCBuildConfiguration section */

/* Begin XCConfigurationList section */
		1864BF4A1A3EB3A600545A0B /* Build configuration list for PBXProject "选项卡" */ = {
			isa = XCConfigurationList;
			buildConfigurations = (
				1864BF791A3EB3A600545A0B /* Debug */,
				1864BF7A1A3EB3A600545A0B /* Release */,
			);
			defaultConfigurationIsVisible = 0;
			defaultConfigurationName = Release;
		};
		1864BF7B1A3EB3A600545A0B /* Build configuration list for PBXNativeTarget "选项卡" */ = {
			isa = XCConfigurationList;
			buildConfigurations = (
				1864BF7C1A3EB3A600545A0B /* Debug */,
				1864BF7D1A3EB3A600545A0B /* Release */,
			);
			defaultConfigurationIsVisible = 0;
			defaultConfigurationName = Release;
		};
		1864BF7E1A3EB3A600545A0B /* Build configuration list for PBXNativeTarget "选项卡Tests" */ = {
			isa = XCConfigurationList;
			buildConfigurations = (
				1864BF7F1A3EB3A600545A0B /* Debug */,
				1864BF801A3EB3A600545A0B /* Release */,
			);
			defaultConfigurationIsVisible = 0;
			defaultConfigurationName = Release;
		};
/* End XCConfigurationList section */
	};
	rootObject = 1864BF471A3EB3A600545A0B /* Project object */;
}
